
Microsoft Visual Studio Solution File, Format Version 12.00
# Visual Studio Version 17
VisualStudioVersion = 17.13.35919.96 d17.13
MinimumVisualStudioVersion = 10.0.40219.1
Project("{FAE04EC0-301F-11D3-BF4B-00C04F79EFBC}") = "01-Exercises_ Variables_and_Types", "01-Exercises_ Variables_and_Types\01-Exercises_ Variables_and_Types.csproj", "{459AD360-EBF7-488E-B791-EB5773E3F7CC}"
EndProject
Global
	GlobalSection(SolutionConfigurationPlatforms) = preSolution
		Debug|Any CPU = Debug|Any CPU
		Release|Any CPU = Release|Any CPU
	EndGlobalSection
	GlobalSection(ProjectConfigurationPlatforms) = postSolution
		{459AD360-EBF7-488E-B791-EB5773E3F7CC}.Debug|Any CPU.ActiveCfg = Debug|Any CPU
		{459AD360-EBF7-488E-B791-EB5773E3F7CC}.Debug|Any CPU.Build.0 = Debug|Any CPU
		{459AD360-EBF7-488E-B791-EB5773E3F7CC}.Release|Any CPU.ActiveCfg = Release|Any CPU
		{459AD360-EBF7-488E-B791-EB5773E3F7CC}.Release|Any CPU.Build.0 = Release|Any CPU
	EndGlobalSection
	GlobalSection(SolutionProperties) = preSolution
		HideSolutionNode = FALSE
	EndGlobalSection
	GlobalSection(ExtensibilityGlobals) = postSolution
		SolutionGuid = {E4EA4E7F-67F7-49FC-AD37-CC301FF79C7F}
	EndGlobalSection
EndGlobal
