
Microsoft Visual Studio Solution File, Format Version 12.00
# Visual Studio Version 17
VisualStudioVersion = 17.13.35931.197 d17.13
MinimumVisualStudioVersion = 10.0.40219.1
Project("{FAE04EC0-301F-11D3-BF4B-00C04F79EFBC}") = "Enumerations_57-62", "Enumerations_57-62\Enumerations_57-62.csproj", "{1299A967-2CBF-453F-B6AC-7FBBCC7F5AC8}"
EndProject
Global
	GlobalSection(SolutionConfigurationPlatforms) = preSolution
		Debug|Any CPU = Debug|Any CPU
		Release|Any CPU = Release|Any CPU
	EndGlobalSection
	GlobalSection(ProjectConfigurationPlatforms) = postSolution
		{1299A967-2CBF-453F-B6AC-7FBBCC7F5AC8}.Debug|Any CPU.ActiveCfg = Debug|Any CPU
		{1299A967-2CBF-453F-B6AC-7FBBCC7F5AC8}.Debug|Any CPU.Build.0 = Debug|Any CPU
		{1299A967-2CBF-453F-B6AC-7FBBCC7F5AC8}.Release|Any CPU.ActiveCfg = Release|Any CPU
		{1299A967-2CBF-453F-B6AC-7FBBCC7F5AC8}.Release|Any CPU.Build.0 = Release|Any CPU
	EndGlobalSection
	GlobalSection(SolutionProperties) = preSolution
		HideSolutionNode = FALSE
	EndGlobalSection
	GlobalSection(ExtensibilityGlobals) = postSolution
		SolutionGuid = {62ACF63A-2154-4B6D-9B22-7C658A4E09BE}
	EndGlobalSection
EndGlobal
