
Microsoft Visual Studio Solution File, Format Version 12.00
# Visual Studio Version 17
VisualStudioVersion = 17.13.35919.96 d17.13
MinimumVisualStudioVersion = 10.0.40219.1
Project("{FAE04EC0-301F-11D3-BF4B-00C04F79EFBC}") = "03-Basic_Loops", "03-Basic_Loops\03-Basic_Loops.csproj", "{35C54D47-5C95-433C-875A-EA24B7B90872}"
EndProject
Global
	GlobalSection(SolutionConfigurationPlatforms) = preSolution
		Debug|Any CPU = Debug|Any CPU
		Release|Any CPU = Release|Any CPU
	EndGlobalSection
	GlobalSection(ProjectConfigurationPlatforms) = postSolution
		{35C54D47-5C95-433C-875A-EA24B7B90872}.Debug|Any CPU.ActiveCfg = Debug|Any CPU
		{35C54D47-5C95-433C-875A-EA24B7B90872}.Debug|Any CPU.Build.0 = Debug|Any CPU
		{35C54D47-5C95-433C-875A-EA24B7B90872}.Release|Any CPU.ActiveCfg = Release|Any CPU
		{35C54D47-5C95-433C-875A-EA24B7B90872}.Release|Any CPU.Build.0 = Release|Any CPU
	EndGlobalSection
	GlobalSection(SolutionProperties) = preSolution
		HideSolutionNode = FALSE
	EndGlobalSection
	GlobalSection(ExtensibilityGlobals) = postSolution
		SolutionGuid = {53603AB1-7495-41C2-B47A-A828E6A3C52D}
	EndGlobalSection
EndGlobal
