
Microsoft Visual Studio Solution File, Format Version 12.00
# Visual Studio Version 17
VisualStudioVersion = 17.13.35931.197 d17.13
MinimumVisualStudioVersion = 10.0.40219.1
Project("{FAE04EC0-301F-11D3-BF4B-00C04F79EFBC}") = "Collections_47-52", "Collections_47-52\Collections_47-52.csproj", "{9C7E473C-3E6B-4334-8426-44F05ECB4516}"
EndProject
Global
	GlobalSection(SolutionConfigurationPlatforms) = preSolution
		Debug|Any CPU = Debug|Any CPU
		Release|Any CPU = Release|Any CPU
	EndGlobalSection
	GlobalSection(ProjectConfigurationPlatforms) = postSolution
		{9C7E473C-3E6B-4334-8426-44F05ECB4516}.Debug|Any CPU.ActiveCfg = Debug|Any CPU
		{9C7E473C-3E6B-4334-8426-44F05ECB4516}.Debug|Any CPU.Build.0 = Debug|Any CPU
		{9C7E473C-3E6B-4334-8426-44F05ECB4516}.Release|Any CPU.ActiveCfg = Release|Any CPU
		{9C7E473C-3E6B-4334-8426-44F05ECB4516}.Release|Any CPU.Build.0 = Release|Any CPU
	EndGlobalSection
	GlobalSection(SolutionProperties) = preSolution
		HideSolutionNode = FALSE
	EndGlobalSection
	GlobalSection(ExtensibilityGlobals) = postSolution
		SolutionGuid = {1D0D7FEB-A228-4C28-89E5-B3D0ED750AFA}
	EndGlobalSection
EndGlobal
