
Microsoft Visual Studio Solution File, Format Version 12.00
# Visual Studio Version 17
VisualStudioVersion = 17.13.35931.197 d17.13
MinimumVisualStudioVersion = 10.0.40219.1
Project("{FAE04EC0-301F-11D3-BF4B-00C04F79EFBC}") = "MoviesLab", "MoviesLab\MoviesLab.csproj", "{D044F3F4-8649-4B8A-8463-4DE0049090F2}"
EndProject
Global
	GlobalSection(SolutionConfigurationPlatforms) = preSolution
		Debug|Any CPU = Debug|Any CPU
		Release|Any CPU = Release|Any CPU
	EndGlobalSection
	GlobalSection(ProjectConfigurationPlatforms) = postSolution
		{D044F3F4-8649-4B8A-8463-4DE0049090F2}.Debug|Any CPU.ActiveCfg = Debug|Any CPU
		{D044F3F4-8649-4B8A-8463-4DE0049090F2}.Debug|Any CPU.Build.0 = Debug|Any CPU
		{D044F3F4-8649-4B8A-8463-4DE0049090F2}.Release|Any CPU.ActiveCfg = Release|Any CPU
		{D044F3F4-8649-4B8A-8463-4DE0049090F2}.Release|Any CPU.Build.0 = Release|Any CPU
	EndGlobalSection
	GlobalSection(SolutionProperties) = preSolution
		HideSolutionNode = FALSE
	EndGlobalSection
	GlobalSection(ExtensibilityGlobals) = postSolution
		SolutionGuid = {3493B88B-8F34-49B9-A01F-6D5E9651100B}
	EndGlobalSection
EndGlobal
